<?xml version="1.0" encoding="utf-8"?>
<Project ToolsVersion="12.0" xmlns="http://schemas.microsoft.com/developer/msbuild/2003">
  <ItemGroup>
    <ClCompile Include="$(MSBuildThisFileDirectory)..\libVLCX\DirectXManager.cpp" />
    <ClCompile Include="$(MSBuildThisFileDirectory)..\libVLCX\MMDeviceLocator.cpp" />
    <ClCompile Include="$(MSBuildThisFileDirectory)..\libVLCX\Player.cpp" />
    <ClCompile Include="$(MSBuildThisFileDirectory)..\libVLCX\Thumbnailer.cpp" />
    <ClCompile Include="$(MSBuildThisFileDirectory)..\libvlcpp\src\Instance.cpp">
      <Filter>libvlcpp</Filter>
    </ClCompile>
    <ClCompile Include="$(MSBuildThisFileDirectory)..\libvlcpp\src\Media.cpp">
      <Filter>libvlcpp</Filter>
    </ClCompile>
    <ClCompile Include="$(MSBuildThisFileDirectory)..\libvlcpp\src\MediaDiscoverer.cpp">
      <Filter>libvlcpp</Filter>
    </ClCompile>
    <ClCompile Include="$(MSBuildThisFileDirectory)..\libvlcpp\src\MediaLibrary.cpp">
      <Filter>libvlcpp</Filter>
    </ClCompile>
    <ClCompile Include="$(MSBuildThisFileDirectory)..\libvlcpp\src\MediaList.cpp">
      <Filter>libvlcpp</Filter>
    </ClCompile>
    <ClCompile Include="$(MSBuildThisFileDirectory)..\libvlcpp\src\MediaListPlayer.cpp">
      <Filter>libvlcpp</Filter>
    </ClCompile>
    <ClCompile Include="$(MSBuildThisFileDirectory)..\libvlcpp\src\MediaPlayer.cpp">
      <Filter>libvlcpp</Filter>
    </ClCompile>
    <ClCompile Include="$(MSBuildThisFileDirectory)..\libvlcpp\src\structures.cpp">
      <Filter>libvlcpp</Filter>
    </ClCompile>
    <ClCompile Include="$(MSBuildThisFileDirectory)..\libvlcpp\src\EventManager.cpp">
      <Filter>libvlcpp</Filter>
    </ClCompile>
  </ItemGroup>
  <ItemGroup>
    <ClInclude Include="$(MSBuildThisFileDirectory)..\libVLCX\DirectXManager.h" />
    <ClInclude Include="$(MSBuildThisFileDirectory)..\libVLCX\Helpers.h" />
    <ClInclude Include="$(MSBuildThisFileDirectory)..\libVLCX\MMDeviceLocator.h" />
    <ClInclude Include="$(MSBuildThisFileDirectory)..\libVLCX\Player.h" />
    <ClInclude Include="$(MSBuildThisFileDirectory)..\libVLCX\Thumbnailer.h" />
    <ClInclude Include="$(MSBuildThisFileDirectory)..\libvlcpp\src\EventManager.hpp">
      <Filter>libvlcpp</Filter>
    </ClInclude>
    <ClInclude Include="$(MSBuildThisFileDirectory)..\libvlcpp\src\Instance.hpp">
      <Filter>libvlcpp</Filter>
    </ClInclude>
    <ClInclude Include="$(MSBuildThisFileDirectory)..\libvlcpp\src\Internal.hpp">
      <Filter>libvlcpp</Filter>
    </ClInclude>
    <ClInclude Include="$(MSBuildThisFileDirectory)..\libvlcpp\src\Media.hpp">
      <Filter>libvlcpp</Filter>
    </ClInclude>
    <ClInclude Include="$(MSBuildThisFileDirectory)..\libvlcpp\src\MediaDiscoverer.hpp">
      <Filter>libvlcpp</Filter>
    </ClInclude>
    <ClInclude Include="$(MSBuildThisFileDirectory)..\libvlcpp\src\MediaLibrary.hpp">
      <Filter>libvlcpp</Filter>
    </ClInclude>
    <ClInclude Include="$(MSBuildThisFileDirectory)..\libvlcpp\src\MediaList.hpp">
      <Filter>libvlcpp</Filter>
    </ClInclude>
    <ClInclude Include="$(MSBuildThisFileDirectory)..\libvlcpp\src\MediaListPlayer.hpp">
      <Filter>libvlcpp</Filter>
    </ClInclude>
    <ClInclude Include="$(MSBuildThisFileDirectory)..\libvlcpp\src\MediaPlayer.hpp">
      <Filter>libvlcpp</Filter>
    </ClInclude>
    <ClInclude Include="$(MSBuildThisFileDirectory)..\libvlcpp\src\structures.hpp">
      <Filter>libvlcpp</Filter>
    </ClInclude>
    <ClInclude Include="$(MSBuildThisFileDirectory)..\libvlcpp\src\vlc.hpp">
      <Filter>libvlcpp</Filter>
    </ClInclude>
    <ClInclude Include="$(MSBuildThisFileDirectory)..\libvlcpp\src\common.hpp">
      <Filter>libvlcpp</Filter>
    </ClInclude>
  </ItemGroup>
  <ItemGroup>
    <Filter Include="libvlcpp">
      <UniqueIdentifier>{0986211e-6fbd-4b5d-94ff-e5fbb2d0b047}</UniqueIdentifier>
    </Filter>
  </ItemGroup>
</Project>