
Microsoft Visual Studio Solution File, Format Version 12.00
# Visual Studio 2013
VisualStudioVersion = 12.0.30324.0
MinimumVisualStudioVersion = 10.0.40219.1
Project("{FAE04EC0-301F-11D3-BF4B-00C04F79EFBC}") = "VLC_WINRT", "UI\VLC_WINRT.csproj", "{746E8FC5-D67B-4ED3-89EC-757515B18CB5}"
EndProject
Project("{8BC9CEB8-8B4A-11D0-8D11-00A0C91BC942}") = "libaccess_winrt_plugin", "..\modules\libaccess_winrt_plugin\libaccess_winrt_plugin.vcxproj", "{A3345ED6-A13A-487B-9EF3-412FED4916D1}"
EndProject
Project("{8BC9CEB8-8B4A-11D0-8D11-00A0C91BC942}") = "libdirect2d_winrt_plugin", "..\modules\libdirect2d_winrt_plugin\libdirect2d_winrt_plugin.vcxproj", "{231DFAAB-C462-49BF-8611-1FA6EE39983D}"
EndProject
Project("{8BC9CEB8-8B4A-11D0-8D11-00A0C91BC942}") = "libVLCX", "..\wrapper\libVLCX\libVLCX.vcxproj", "{22532381-BE8B-40E0-A881-22CE24342D5A}"
EndProject
Project("{FAE04EC0-301F-11D3-BF4B-00C04F79EFBC}") = "VLC_WINRT_TESTS", "tests\VLC_WINRT_TESTS\VLC_WINRT_TESTS.csproj", "{1E7456C4-4D13-4266-88A7-92500625B199}"
EndProject
Project("{8BC9CEB8-8B4A-11D0-8D11-00A0C91BC942}") = "libxaudio2_winrt_plugin", "..\modules\libxaudio2_winrt_plugin\libxaudio2_winrt_plugin.vcxproj", "{542C7405-778D-4AC6-A43D-D2A6BAF70B09}"
EndProject
Project("{2150E333-8FDC-42A3-9474-1A3956D46DE8}") = "VLC_WINRT_APP", "VLC_WINRT_APP", "{492C16E2-63FB-49B4-843A-095DB095F15D}"
EndProject
Project("{D954291E-2A0B-460D-934E-DC6B0785DB48}") = "VLC_WINRT_APP.Shared", "..\universal\VLC_WINRT_APP\VLC_WINRT_APP.Shared\VLC_WINRT_APP.Shared.shproj", "{DB1DEA15-00B8-4707-8C70-53431C4FA754}"
EndProject
Project("{FAE04EC0-301F-11D3-BF4B-00C04F79EFBC}") = "VLC_WINRT_APP.Windows", "..\universal\VLC_WINRT_APP\VLC_WINRT_APP.Windows\VLC_WINRT_APP.Windows.csproj", "{B1A5A4DC-2C9F-4343-AF3F-372944C4607D}"
EndProject
Project("{FAE04EC0-301F-11D3-BF4B-00C04F79EFBC}") = "VLC_WINRT_APP.WindowsPhone", "..\universal\VLC_WINRT_APP\VLC_WINRT_APP.WindowsPhone\VLC_WINRT_APP.WindowsPhone.csproj", "{C8711A23-F511-4FA1-A3F5-F2578F820A5A}"
EndProject
Global
	GlobalSection(SharedMSBuildProjectFiles) = preSolution
		..\universal\VLC_WINRT_APP\VLC_WINRT_APP.Shared\VLC_WINRT_APP.Shared.projitems*{db1dea15-00b8-4707-8c70-53431c4fa754}*SharedItemsImports = 13
		..\universal\VLC_WINRT_APP\VLC_WINRT_APP.Shared\VLC_WINRT_APP.Shared.projitems*{b1a5a4dc-2c9f-4343-af3f-372944c4607d}*SharedItemsImports = 4
		..\universal\VLC_WINRT_APP\VLC_WINRT_APP.Shared\VLC_WINRT_APP.Shared.projitems*{c8711a23-f511-4fa1-a3f5-f2578f820a5a}*SharedItemsImports = 4
	EndGlobalSection
	GlobalSection(SolutionConfigurationPlatforms) = preSolution
		Debug|Any CPU = Debug|Any CPU
		Debug|ARM = Debug|ARM
		Debug|Mixed Platforms = Debug|Mixed Platforms
		Debug|Win32 = Debug|Win32
		Debug|x64 = Debug|x64
		Debug|x86 = Debug|x86
		Release|Any CPU = Release|Any CPU
		Release|ARM = Release|ARM
		Release|Mixed Platforms = Release|Mixed Platforms
		Release|Win32 = Release|Win32
		Release|x64 = Release|x64
		Release|x86 = Release|x86
	EndGlobalSection
	GlobalSection(ProjectConfigurationPlatforms) = postSolution
		{746E8FC5-D67B-4ED3-89EC-757515B18CB5}.Debug|Any CPU.ActiveCfg = Debug|x86
		{746E8FC5-D67B-4ED3-89EC-757515B18CB5}.Debug|ARM.ActiveCfg = Debug|ARM
		{746E8FC5-D67B-4ED3-89EC-757515B18CB5}.Debug|ARM.Build.0 = Debug|ARM
		{746E8FC5-D67B-4ED3-89EC-757515B18CB5}.Debug|ARM.Deploy.0 = Debug|ARM
		{746E8FC5-D67B-4ED3-89EC-757515B18CB5}.Debug|Mixed Platforms.ActiveCfg = Debug|x86
		{746E8FC5-D67B-4ED3-89EC-757515B18CB5}.Debug|Mixed Platforms.Build.0 = Debug|x86
		{746E8FC5-D67B-4ED3-89EC-757515B18CB5}.Debug|Mixed Platforms.Deploy.0 = Debug|x86
		{746E8FC5-D67B-4ED3-89EC-757515B18CB5}.Debug|Win32.ActiveCfg = Debug|x86
		{746E8FC5-D67B-4ED3-89EC-757515B18CB5}.Debug|Win32.Build.0 = Debug|x86
		{746E8FC5-D67B-4ED3-89EC-757515B18CB5}.Debug|Win32.Deploy.0 = Debug|x86
		{746E8FC5-D67B-4ED3-89EC-757515B18CB5}.Debug|x64.ActiveCfg = Debug|x86
		{746E8FC5-D67B-4ED3-89EC-757515B18CB5}.Debug|x86.ActiveCfg = Debug|x86
		{746E8FC5-D67B-4ED3-89EC-757515B18CB5}.Debug|x86.Build.0 = Debug|x86
		{746E8FC5-D67B-4ED3-89EC-757515B18CB5}.Debug|x86.Deploy.0 = Debug|x86
		{746E8FC5-D67B-4ED3-89EC-757515B18CB5}.Release|Any CPU.ActiveCfg = Release|x86
		{746E8FC5-D67B-4ED3-89EC-757515B18CB5}.Release|ARM.ActiveCfg = Release|ARM
		{746E8FC5-D67B-4ED3-89EC-757515B18CB5}.Release|ARM.Build.0 = Release|ARM
		{746E8FC5-D67B-4ED3-89EC-757515B18CB5}.Release|ARM.Deploy.0 = Release|ARM
		{746E8FC5-D67B-4ED3-89EC-757515B18CB5}.Release|Mixed Platforms.ActiveCfg = Release|x86
		{746E8FC5-D67B-4ED3-89EC-757515B18CB5}.Release|Mixed Platforms.Build.0 = Release|x86
		{746E8FC5-D67B-4ED3-89EC-757515B18CB5}.Release|Mixed Platforms.Deploy.0 = Release|x86
		{746E8FC5-D67B-4ED3-89EC-757515B18CB5}.Release|Win32.ActiveCfg = Release|x86
		{746E8FC5-D67B-4ED3-89EC-757515B18CB5}.Release|Win32.Build.0 = Release|x86
		{746E8FC5-D67B-4ED3-89EC-757515B18CB5}.Release|Win32.Deploy.0 = Release|x86
		{746E8FC5-D67B-4ED3-89EC-757515B18CB5}.Release|x64.ActiveCfg = Release|x86
		{746E8FC5-D67B-4ED3-89EC-757515B18CB5}.Release|x86.ActiveCfg = Release|x86
		{746E8FC5-D67B-4ED3-89EC-757515B18CB5}.Release|x86.Build.0 = Release|x86
		{746E8FC5-D67B-4ED3-89EC-757515B18CB5}.Release|x86.Deploy.0 = Release|x86
		{A3345ED6-A13A-487B-9EF3-412FED4916D1}.Debug|Any CPU.ActiveCfg = Debug|Win32
		{A3345ED6-A13A-487B-9EF3-412FED4916D1}.Debug|ARM.ActiveCfg = Debug|ARM
		{A3345ED6-A13A-487B-9EF3-412FED4916D1}.Debug|ARM.Build.0 = Debug|ARM
		{A3345ED6-A13A-487B-9EF3-412FED4916D1}.Debug|Mixed Platforms.ActiveCfg = Debug|Win32
		{A3345ED6-A13A-487B-9EF3-412FED4916D1}.Debug|Mixed Platforms.Build.0 = Debug|Win32
		{A3345ED6-A13A-487B-9EF3-412FED4916D1}.Debug|Win32.ActiveCfg = Debug|Win32
		{A3345ED6-A13A-487B-9EF3-412FED4916D1}.Debug|Win32.Build.0 = Debug|Win32
		{A3345ED6-A13A-487B-9EF3-412FED4916D1}.Debug|x64.ActiveCfg = Debug|x64
		{A3345ED6-A13A-487B-9EF3-412FED4916D1}.Debug|x64.Build.0 = Debug|x64
		{A3345ED6-A13A-487B-9EF3-412FED4916D1}.Debug|x86.ActiveCfg = Debug|Win32
		{A3345ED6-A13A-487B-9EF3-412FED4916D1}.Debug|x86.Build.0 = Debug|Win32
		{A3345ED6-A13A-487B-9EF3-412FED4916D1}.Release|Any CPU.ActiveCfg = Release|Win32
		{A3345ED6-A13A-487B-9EF3-412FED4916D1}.Release|ARM.ActiveCfg = Release|ARM
		{A3345ED6-A13A-487B-9EF3-412FED4916D1}.Release|ARM.Build.0 = Release|ARM
		{A3345ED6-A13A-487B-9EF3-412FED4916D1}.Release|Mixed Platforms.ActiveCfg = Release|Win32
		{A3345ED6-A13A-487B-9EF3-412FED4916D1}.Release|Mixed Platforms.Build.0 = Release|Win32
		{A3345ED6-A13A-487B-9EF3-412FED4916D1}.Release|Win32.ActiveCfg = Release|Win32
		{A3345ED6-A13A-487B-9EF3-412FED4916D1}.Release|Win32.Build.0 = Release|Win32
		{A3345ED6-A13A-487B-9EF3-412FED4916D1}.Release|x64.ActiveCfg = Release|x64
		{A3345ED6-A13A-487B-9EF3-412FED4916D1}.Release|x64.Build.0 = Release|x64
		{A3345ED6-A13A-487B-9EF3-412FED4916D1}.Release|x86.ActiveCfg = Release|Win32
		{A3345ED6-A13A-487B-9EF3-412FED4916D1}.Release|x86.Build.0 = Release|Win32
		{231DFAAB-C462-49BF-8611-1FA6EE39983D}.Debug|Any CPU.ActiveCfg = Debug|Win32
		{231DFAAB-C462-49BF-8611-1FA6EE39983D}.Debug|ARM.ActiveCfg = Debug|ARM
		{231DFAAB-C462-49BF-8611-1FA6EE39983D}.Debug|ARM.Build.0 = Debug|ARM
		{231DFAAB-C462-49BF-8611-1FA6EE39983D}.Debug|Mixed Platforms.ActiveCfg = Debug|Win32
		{231DFAAB-C462-49BF-8611-1FA6EE39983D}.Debug|Mixed Platforms.Build.0 = Debug|Win32
		{231DFAAB-C462-49BF-8611-1FA6EE39983D}.Debug|Win32.ActiveCfg = Debug|Win32
		{231DFAAB-C462-49BF-8611-1FA6EE39983D}.Debug|Win32.Build.0 = Debug|Win32
		{231DFAAB-C462-49BF-8611-1FA6EE39983D}.Debug|x64.ActiveCfg = Debug|x64
		{231DFAAB-C462-49BF-8611-1FA6EE39983D}.Debug|x64.Build.0 = Debug|x64
		{231DFAAB-C462-49BF-8611-1FA6EE39983D}.Debug|x86.ActiveCfg = Debug|Win32
		{231DFAAB-C462-49BF-8611-1FA6EE39983D}.Debug|x86.Build.0 = Debug|Win32
		{231DFAAB-C462-49BF-8611-1FA6EE39983D}.Release|Any CPU.ActiveCfg = Release|Win32
		{231DFAAB-C462-49BF-8611-1FA6EE39983D}.Release|ARM.ActiveCfg = Release|ARM
		{231DFAAB-C462-49BF-8611-1FA6EE39983D}.Release|ARM.Build.0 = Release|ARM
		{231DFAAB-C462-49BF-8611-1FA6EE39983D}.Release|Mixed Platforms.ActiveCfg = Release|Win32
		{231DFAAB-C462-49BF-8611-1FA6EE39983D}.Release|Mixed Platforms.Build.0 = Release|Win32
		{231DFAAB-C462-49BF-8611-1FA6EE39983D}.Release|Win32.ActiveCfg = Release|Win32
		{231DFAAB-C462-49BF-8611-1FA6EE39983D}.Release|Win32.Build.0 = Release|Win32
		{231DFAAB-C462-49BF-8611-1FA6EE39983D}.Release|x64.ActiveCfg = Release|x64
		{231DFAAB-C462-49BF-8611-1FA6EE39983D}.Release|x64.Build.0 = Release|x64
		{231DFAAB-C462-49BF-8611-1FA6EE39983D}.Release|x86.ActiveCfg = Release|Win32
		{231DFAAB-C462-49BF-8611-1FA6EE39983D}.Release|x86.Build.0 = Release|Win32
		{22532381-BE8B-40E0-A881-22CE24342D5A}.Debug|Any CPU.ActiveCfg = Debug|Win32
		{22532381-BE8B-40E0-A881-22CE24342D5A}.Debug|ARM.ActiveCfg = Debug|ARM
		{22532381-BE8B-40E0-A881-22CE24342D5A}.Debug|ARM.Build.0 = Debug|ARM
		{22532381-BE8B-40E0-A881-22CE24342D5A}.Debug|Mixed Platforms.ActiveCfg = Debug|Win32
		{22532381-BE8B-40E0-A881-22CE24342D5A}.Debug|Mixed Platforms.Build.0 = Debug|Win32
		{22532381-BE8B-40E0-A881-22CE24342D5A}.Debug|Win32.ActiveCfg = Debug|Win32
		{22532381-BE8B-40E0-A881-22CE24342D5A}.Debug|Win32.Build.0 = Debug|Win32
		{22532381-BE8B-40E0-A881-22CE24342D5A}.Debug|x64.ActiveCfg = Debug|x64
		{22532381-BE8B-40E0-A881-22CE24342D5A}.Debug|x64.Build.0 = Debug|x64
		{22532381-BE8B-40E0-A881-22CE24342D5A}.Debug|x86.ActiveCfg = Debug|Win32
		{22532381-BE8B-40E0-A881-22CE24342D5A}.Debug|x86.Build.0 = Debug|Win32
		{22532381-BE8B-40E0-A881-22CE24342D5A}.Release|Any CPU.ActiveCfg = Release|Win32
		{22532381-BE8B-40E0-A881-22CE24342D5A}.Release|ARM.ActiveCfg = Release|ARM
		{22532381-BE8B-40E0-A881-22CE24342D5A}.Release|ARM.Build.0 = Release|ARM
		{22532381-BE8B-40E0-A881-22CE24342D5A}.Release|Mixed Platforms.ActiveCfg = Release|Win32
		{22532381-BE8B-40E0-A881-22CE24342D5A}.Release|Mixed Platforms.Build.0 = Release|Win32
		{22532381-BE8B-40E0-A881-22CE24342D5A}.Release|Win32.ActiveCfg = Release|Win32
		{22532381-BE8B-40E0-A881-22CE24342D5A}.Release|Win32.Build.0 = Release|Win32
		{22532381-BE8B-40E0-A881-22CE24342D5A}.Release|x64.ActiveCfg = Release|x64
		{22532381-BE8B-40E0-A881-22CE24342D5A}.Release|x64.Build.0 = Release|x64
		{22532381-BE8B-40E0-A881-22CE24342D5A}.Release|x86.ActiveCfg = Release|Win32
		{22532381-BE8B-40E0-A881-22CE24342D5A}.Release|x86.Build.0 = Release|Win32
		{1E7456C4-4D13-4266-88A7-92500625B199}.Debug|Any CPU.ActiveCfg = Debug|x86
		{1E7456C4-4D13-4266-88A7-92500625B199}.Debug|ARM.ActiveCfg = Debug|ARM
		{1E7456C4-4D13-4266-88A7-92500625B199}.Debug|ARM.Build.0 = Debug|ARM
		{1E7456C4-4D13-4266-88A7-92500625B199}.Debug|ARM.Deploy.0 = Debug|ARM
		{1E7456C4-4D13-4266-88A7-92500625B199}.Debug|Mixed Platforms.ActiveCfg = Debug|x86
		{1E7456C4-4D13-4266-88A7-92500625B199}.Debug|Mixed Platforms.Build.0 = Debug|x86
		{1E7456C4-4D13-4266-88A7-92500625B199}.Debug|Mixed Platforms.Deploy.0 = Debug|x86
		{1E7456C4-4D13-4266-88A7-92500625B199}.Debug|Win32.ActiveCfg = Debug|x86
		{1E7456C4-4D13-4266-88A7-92500625B199}.Debug|Win32.Build.0 = Debug|x86
		{1E7456C4-4D13-4266-88A7-92500625B199}.Debug|Win32.Deploy.0 = Debug|x86
		{1E7456C4-4D13-4266-88A7-92500625B199}.Debug|x64.ActiveCfg = Debug|x86
		{1E7456C4-4D13-4266-88A7-92500625B199}.Debug|x86.ActiveCfg = Debug|x86
		{1E7456C4-4D13-4266-88A7-92500625B199}.Debug|x86.Build.0 = Debug|x86
		{1E7456C4-4D13-4266-88A7-92500625B199}.Debug|x86.Deploy.0 = Debug|x86
		{1E7456C4-4D13-4266-88A7-92500625B199}.Release|Any CPU.ActiveCfg = Release|x86
		{1E7456C4-4D13-4266-88A7-92500625B199}.Release|ARM.ActiveCfg = Release|ARM
		{1E7456C4-4D13-4266-88A7-92500625B199}.Release|ARM.Build.0 = Release|ARM
		{1E7456C4-4D13-4266-88A7-92500625B199}.Release|ARM.Deploy.0 = Release|ARM
		{1E7456C4-4D13-4266-88A7-92500625B199}.Release|Mixed Platforms.ActiveCfg = Release|x86
		{1E7456C4-4D13-4266-88A7-92500625B199}.Release|Mixed Platforms.Build.0 = Release|x86
		{1E7456C4-4D13-4266-88A7-92500625B199}.Release|Win32.ActiveCfg = Release|x86
		{1E7456C4-4D13-4266-88A7-92500625B199}.Release|Win32.Build.0 = Release|x86
		{1E7456C4-4D13-4266-88A7-92500625B199}.Release|x64.ActiveCfg = Release|x86
		{1E7456C4-4D13-4266-88A7-92500625B199}.Release|x86.ActiveCfg = Release|x86
		{1E7456C4-4D13-4266-88A7-92500625B199}.Release|x86.Build.0 = Release|x86
		{1E7456C4-4D13-4266-88A7-92500625B199}.Release|x86.Deploy.0 = Release|x86
		{542C7405-778D-4AC6-A43D-D2A6BAF70B09}.Debug|Any CPU.ActiveCfg = Debug|Win32
		{542C7405-778D-4AC6-A43D-D2A6BAF70B09}.Debug|ARM.ActiveCfg = Debug|ARM
		{542C7405-778D-4AC6-A43D-D2A6BAF70B09}.Debug|ARM.Build.0 = Debug|ARM
		{542C7405-778D-4AC6-A43D-D2A6BAF70B09}.Debug|Mixed Platforms.ActiveCfg = Debug|Win32
		{542C7405-778D-4AC6-A43D-D2A6BAF70B09}.Debug|Mixed Platforms.Build.0 = Debug|Win32
		{542C7405-778D-4AC6-A43D-D2A6BAF70B09}.Debug|Win32.ActiveCfg = Debug|Win32
		{542C7405-778D-4AC6-A43D-D2A6BAF70B09}.Debug|Win32.Build.0 = Debug|Win32
		{542C7405-778D-4AC6-A43D-D2A6BAF70B09}.Debug|x64.ActiveCfg = Debug|x64
		{542C7405-778D-4AC6-A43D-D2A6BAF70B09}.Debug|x64.Build.0 = Debug|x64
		{542C7405-778D-4AC6-A43D-D2A6BAF70B09}.Debug|x86.ActiveCfg = Debug|Win32
		{542C7405-778D-4AC6-A43D-D2A6BAF70B09}.Debug|x86.Build.0 = Debug|Win32
		{542C7405-778D-4AC6-A43D-D2A6BAF70B09}.Release|Any CPU.ActiveCfg = Release|Win32
		{542C7405-778D-4AC6-A43D-D2A6BAF70B09}.Release|ARM.ActiveCfg = Release|ARM
		{542C7405-778D-4AC6-A43D-D2A6BAF70B09}.Release|ARM.Build.0 = Release|ARM
		{542C7405-778D-4AC6-A43D-D2A6BAF70B09}.Release|Mixed Platforms.ActiveCfg = Release|Win32
		{542C7405-778D-4AC6-A43D-D2A6BAF70B09}.Release|Mixed Platforms.Build.0 = Release|Win32
		{542C7405-778D-4AC6-A43D-D2A6BAF70B09}.Release|Win32.ActiveCfg = Release|Win32
		{542C7405-778D-4AC6-A43D-D2A6BAF70B09}.Release|Win32.Build.0 = Release|Win32
		{542C7405-778D-4AC6-A43D-D2A6BAF70B09}.Release|x64.ActiveCfg = Release|x64
		{542C7405-778D-4AC6-A43D-D2A6BAF70B09}.Release|x64.Build.0 = Release|x64
		{542C7405-778D-4AC6-A43D-D2A6BAF70B09}.Release|x86.ActiveCfg = Release|Win32
		{542C7405-778D-4AC6-A43D-D2A6BAF70B09}.Release|x86.Build.0 = Release|Win32
		{B1A5A4DC-2C9F-4343-AF3F-372944C4607D}.Debug|Any CPU.ActiveCfg = Debug|Any CPU
		{B1A5A4DC-2C9F-4343-AF3F-372944C4607D}.Debug|Any CPU.Build.0 = Debug|Any CPU
		{B1A5A4DC-2C9F-4343-AF3F-372944C4607D}.Debug|Any CPU.Deploy.0 = Debug|Any CPU
		{B1A5A4DC-2C9F-4343-AF3F-372944C4607D}.Debug|ARM.ActiveCfg = Debug|ARM
		{B1A5A4DC-2C9F-4343-AF3F-372944C4607D}.Debug|ARM.Build.0 = Debug|ARM
		{B1A5A4DC-2C9F-4343-AF3F-372944C4607D}.Debug|ARM.Deploy.0 = Debug|ARM
		{B1A5A4DC-2C9F-4343-AF3F-372944C4607D}.Debug|Mixed Platforms.ActiveCfg = Debug|x86
		{B1A5A4DC-2C9F-4343-AF3F-372944C4607D}.Debug|Mixed Platforms.Build.0 = Debug|x86
		{B1A5A4DC-2C9F-4343-AF3F-372944C4607D}.Debug|Mixed Platforms.Deploy.0 = Debug|x86
		{B1A5A4DC-2C9F-4343-AF3F-372944C4607D}.Debug|Win32.ActiveCfg = Debug|x86
		{B1A5A4DC-2C9F-4343-AF3F-372944C4607D}.Debug|Win32.Build.0 = Debug|x86
		{B1A5A4DC-2C9F-4343-AF3F-372944C4607D}.Debug|Win32.Deploy.0 = Debug|x86
		{B1A5A4DC-2C9F-4343-AF3F-372944C4607D}.Debug|x64.ActiveCfg = Debug|x64
		{B1A5A4DC-2C9F-4343-AF3F-372944C4607D}.Debug|x64.Build.0 = Debug|x64
		{B1A5A4DC-2C9F-4343-AF3F-372944C4607D}.Debug|x64.Deploy.0 = Debug|x64
		{B1A5A4DC-2C9F-4343-AF3F-372944C4607D}.Debug|x86.ActiveCfg = Debug|x86
		{B1A5A4DC-2C9F-4343-AF3F-372944C4607D}.Debug|x86.Build.0 = Debug|x86
		{B1A5A4DC-2C9F-4343-AF3F-372944C4607D}.Debug|x86.Deploy.0 = Debug|x86
		{B1A5A4DC-2C9F-4343-AF3F-372944C4607D}.Release|Any CPU.ActiveCfg = Release|Any CPU
		{B1A5A4DC-2C9F-4343-AF3F-372944C4607D}.Release|Any CPU.Build.0 = Release|Any CPU
		{B1A5A4DC-2C9F-4343-AF3F-372944C4607D}.Release|Any CPU.Deploy.0 = Release|Any CPU
		{B1A5A4DC-2C9F-4343-AF3F-372944C4607D}.Release|ARM.ActiveCfg = Release|ARM
		{B1A5A4DC-2C9F-4343-AF3F-372944C4607D}.Release|ARM.Build.0 = Release|ARM
		{B1A5A4DC-2C9F-4343-AF3F-372944C4607D}.Release|ARM.Deploy.0 = Release|ARM
		{B1A5A4DC-2C9F-4343-AF3F-372944C4607D}.Release|Mixed Platforms.ActiveCfg = Release|x86
		{B1A5A4DC-2C9F-4343-AF3F-372944C4607D}.Release|Mixed Platforms.Build.0 = Release|x86
		{B1A5A4DC-2C9F-4343-AF3F-372944C4607D}.Release|Mixed Platforms.Deploy.0 = Release|x86
		{B1A5A4DC-2C9F-4343-AF3F-372944C4607D}.Release|Win32.ActiveCfg = Release|x86
		{B1A5A4DC-2C9F-4343-AF3F-372944C4607D}.Release|Win32.Build.0 = Release|x86
		{B1A5A4DC-2C9F-4343-AF3F-372944C4607D}.Release|Win32.Deploy.0 = Release|x86
		{B1A5A4DC-2C9F-4343-AF3F-372944C4607D}.Release|x64.ActiveCfg = Release|x64
		{B1A5A4DC-2C9F-4343-AF3F-372944C4607D}.Release|x64.Build.0 = Release|x64
		{B1A5A4DC-2C9F-4343-AF3F-372944C4607D}.Release|x64.Deploy.0 = Release|x64
		{B1A5A4DC-2C9F-4343-AF3F-372944C4607D}.Release|x86.ActiveCfg = Release|x86
		{B1A5A4DC-2C9F-4343-AF3F-372944C4607D}.Release|x86.Build.0 = Release|x86
		{B1A5A4DC-2C9F-4343-AF3F-372944C4607D}.Release|x86.Deploy.0 = Release|x86
		{C8711A23-F511-4FA1-A3F5-F2578F820A5A}.Debug|Any CPU.ActiveCfg = Debug|Any CPU
		{C8711A23-F511-4FA1-A3F5-F2578F820A5A}.Debug|Any CPU.Build.0 = Debug|Any CPU
		{C8711A23-F511-4FA1-A3F5-F2578F820A5A}.Debug|Any CPU.Deploy.0 = Debug|Any CPU
		{C8711A23-F511-4FA1-A3F5-F2578F820A5A}.Debug|ARM.ActiveCfg = Debug|ARM
		{C8711A23-F511-4FA1-A3F5-F2578F820A5A}.Debug|ARM.Build.0 = Debug|ARM
		{C8711A23-F511-4FA1-A3F5-F2578F820A5A}.Debug|ARM.Deploy.0 = Debug|ARM
		{C8711A23-F511-4FA1-A3F5-F2578F820A5A}.Debug|Mixed Platforms.ActiveCfg = Debug|x86
		{C8711A23-F511-4FA1-A3F5-F2578F820A5A}.Debug|Mixed Platforms.Build.0 = Debug|x86
		{C8711A23-F511-4FA1-A3F5-F2578F820A5A}.Debug|Mixed Platforms.Deploy.0 = Debug|x86
		{C8711A23-F511-4FA1-A3F5-F2578F820A5A}.Debug|Win32.ActiveCfg = Debug|x86
		{C8711A23-F511-4FA1-A3F5-F2578F820A5A}.Debug|Win32.Build.0 = Debug|x86
		{C8711A23-F511-4FA1-A3F5-F2578F820A5A}.Debug|Win32.Deploy.0 = Debug|x86
		{C8711A23-F511-4FA1-A3F5-F2578F820A5A}.Debug|x64.ActiveCfg = Debug|Any CPU
		{C8711A23-F511-4FA1-A3F5-F2578F820A5A}.Debug|x86.ActiveCfg = Debug|x86
		{C8711A23-F511-4FA1-A3F5-F2578F820A5A}.Debug|x86.Build.0 = Debug|x86
		{C8711A23-F511-4FA1-A3F5-F2578F820A5A}.Debug|x86.Deploy.0 = Debug|x86
		{C8711A23-F511-4FA1-A3F5-F2578F820A5A}.Release|Any CPU.ActiveCfg = Release|Any CPU
		{C8711A23-F511-4FA1-A3F5-F2578F820A5A}.Release|Any CPU.Build.0 = Release|Any CPU
		{C8711A23-F511-4FA1-A3F5-F2578F820A5A}.Release|Any CPU.Deploy.0 = Release|Any CPU
		{C8711A23-F511-4FA1-A3F5-F2578F820A5A}.Release|ARM.ActiveCfg = Release|ARM
		{C8711A23-F511-4FA1-A3F5-F2578F820A5A}.Release|ARM.Build.0 = Release|ARM
		{C8711A23-F511-4FA1-A3F5-F2578F820A5A}.Release|ARM.Deploy.0 = Release|ARM
		{C8711A23-F511-4FA1-A3F5-F2578F820A5A}.Release|Mixed Platforms.ActiveCfg = Release|x86
		{C8711A23-F511-4FA1-A3F5-F2578F820A5A}.Release|Mixed Platforms.Build.0 = Release|x86
		{C8711A23-F511-4FA1-A3F5-F2578F820A5A}.Release|Mixed Platforms.Deploy.0 = Release|x86
		{C8711A23-F511-4FA1-A3F5-F2578F820A5A}.Release|Win32.ActiveCfg = Release|x86
		{C8711A23-F511-4FA1-A3F5-F2578F820A5A}.Release|Win32.Build.0 = Release|x86
		{C8711A23-F511-4FA1-A3F5-F2578F820A5A}.Release|Win32.Deploy.0 = Release|x86
		{C8711A23-F511-4FA1-A3F5-F2578F820A5A}.Release|x64.ActiveCfg = Release|Any CPU
		{C8711A23-F511-4FA1-A3F5-F2578F820A5A}.Release|x86.ActiveCfg = Release|x86
		{C8711A23-F511-4FA1-A3F5-F2578F820A5A}.Release|x86.Build.0 = Release|x86
		{C8711A23-F511-4FA1-A3F5-F2578F820A5A}.Release|x86.Deploy.0 = Release|x86
	EndGlobalSection
	GlobalSection(SolutionProperties) = preSolution
		HideSolutionNode = FALSE
	EndGlobalSection
	GlobalSection(NestedProjects) = preSolution
		{DB1DEA15-00B8-4707-8C70-53431C4FA754} = {492C16E2-63FB-49B4-843A-095DB095F15D}
		{B1A5A4DC-2C9F-4343-AF3F-372944C4607D} = {492C16E2-63FB-49B4-843A-095DB095F15D}
		{C8711A23-F511-4FA1-A3F5-F2578F820A5A} = {492C16E2-63FB-49B4-843A-095DB095F15D}
	EndGlobalSection
EndGlobal
