Microsoft Visual Studio Solution File, Format Version 12.00
# Visual Studio 14
VisualStudioVersion = 14.0.23107.0
MinimumVisualStudioVersion = 10.0.40219.1
Project("{8BC9CEB8-8B4A-11D0-8D11-00A0C91BC942}") = "libaccess_winrt_plugin", "..\modules\libaccess_winrt_plugin\libaccess_winrt_plugin.vcxproj", "{A3345ED6-A13A-487B-9EF3-412FED4916D1}"
EndProject
Project("{8BC9CEB8-8B4A-11D0-8D11-00A0C91BC942}") = "libVLCX", "..\wrapper\libVLCX\libVLCX.vcxproj", "{22532381-BE8B-40E0-A881-22CE24342D5A}"
	ProjectSection(ProjectDependencies) = postProject
		{A3345ED6-A13A-487B-9EF3-412FED4916D1} = {A3345ED6-A13A-487B-9EF3-412FED4916D1}
	EndProjectSection
EndProject
Project("{2150E333-8FDC-42A3-9474-1A3956D46DE8}") = "VLC_WinRT", "VLC_WinRT", "{492C16E2-63FB-49B4-843A-095DB095F15D}"
EndProject
Project("{D954291E-2A0B-460D-934E-DC6B0785DB48}") = "VLC_WinRT.Shared", "..\universal\VLC_WinRT.Shared\VLC_WinRT.Shared.shproj", "{DB1DEA15-00B8-4707-8C70-53431C4FA754}"
EndProject
Project("{FAE04EC0-301F-11D3-BF4B-00C04F79EFBC}") = "VLC_WinRT.Windows", "..\universal\VLC_WinRT.Windows\VLC_WinRT.Windows.csproj", "{B1A5A4DC-2C9F-4343-AF3F-372944C4607D}"
EndProject
Project("{FAE04EC0-301F-11D3-BF4B-00C04F79EFBC}") = "VLC_WinRT.WindowsPhone", "..\universal\VLC_WinRT.WindowsPhone\VLC_WinRT.WindowsPhone.csproj", "{C8711A23-F511-4FA1-A3F5-F2578F820A5A}"
EndProject
Project("{2150E333-8FDC-42A3-9474-1A3956D46DE8}") = "libVLCX", "libVLCX", "{8B17BE9D-3E88-497F-8BA3-BA2E6905069E}"
EndProject
Project("{8BC9CEB8-8B4A-11D0-8D11-00A0C91BC942}") = "libVLCX.Shared", "..\wrapper\libVLCX.Shared\libVLCX.Shared.vcxitems", "{2783FE22-06AE-457B-A8B3-626AA52290C1}"
EndProject
Project("{8BC9CEB8-8B4A-11D0-8D11-00A0C91BC942}") = "libVLCX.WindowsPhone", "..\wrapper\libVLCX.WindowsPhone\libVLCX.WindowsPhone.vcxproj", "{5D78F68E-C377-449E-A508-5B8E706D0039}"
	ProjectSection(ProjectDependencies) = postProject
		{544EBD72-C9E2-4C3F-9038-36683F843241} = {544EBD72-C9E2-4C3F-9038-36683F843241}
	EndProjectSection
EndProject
Project("{2150E333-8FDC-42A3-9474-1A3956D46DE8}") = "libaccess_winrt_plugin", "libaccess_winrt_plugin", "{3E3BE90F-16D8-4D61-BA9D-E760D34492B5}"
EndProject
Project("{8BC9CEB8-8B4A-11D0-8D11-00A0C91BC942}") = "libaccess_winrt_plugin.Shared", "..\modules\libaccess_winrt_plugin.Shared\libaccess_winrt_plugin.Shared.vcxitems", "{90A8A6A5-091D-4D4E-A8CD-4EC09DDB1047}"
EndProject
Project("{8BC9CEB8-8B4A-11D0-8D11-00A0C91BC942}") = "libaccess_winrt_plugin.WindowsPhone", "..\modules\libaccess_winrt_plugin.WindowsPhone\libaccess_winrt_plugin.WindowsPhone.vcxproj", "{544EBD72-C9E2-4C3F-9038-36683F843241}"
EndProject
Project("{FAE04EC0-301F-11D3-BF4B-00C04F79EFBC}") = "VLC_WinRT.BackgroundAudioPlayer", "..\universal\VLC_WinRT.BackgroundAudioPlayer\VLC_WinRT.BackgroundAudioPlayer.csproj", "{6BDABA8A-B559-4007-A17F-42125D3AA7A3}"
EndProject
Project("{D954291E-2A0B-460D-934E-DC6B0785DB48}") = "VLC_WinRT.MusicMetaFetcher", "..\universal\VLC_WinRT.MusicMetaFetcher\VLC_WinRT.MusicMetaFetcher.shproj", "{C3F84118-8E3D-4B19-A300-9CB6F7AE0E87}"
EndProject
Project("{D954291E-2A0B-460D-934E-DC6B0785DB48}") = "VLC_WinRT.SplitShell", "VLC_WinRT.SplitShell\VLC_WinRT.SplitShell.shproj", "{ADCB4C5D-450D-40F5-B60A-9DD96FF17DD6}"
EndProject
Project("{D954291E-2A0B-460D-934E-DC6B0785DB48}") = "VLC_WinRT.UI.Legacy", "..\universal\VLC_WinRT.UI.Legacy\VLC_WinRT.UI.Legacy.shproj", "{D499D5A2-B899-4664-94E8-65C8114582DE}"
EndProject
Project("{FAE04EC0-301F-11D3-BF4B-00C04F79EFBC}") = "VLC_WinRT.ShareBackground", "..\universal\VLC_WinRT.ShareBackground\VLC_WinRT.ShareBackground.csproj", "{B1E774A5-87A6-4D23-BEC1-AD157333F69F}"
EndProject
Project("{D954291E-2A0B-460D-934E-DC6B0785DB48}") = "VLC_WinRT.Slideshow", "..\universal\VLC_WinRT.Slideshow\VLC_WinRT.Slideshow.shproj", "{AD0C8B4F-7A03-42CC-B8DA-BF8D50DF822B}"
EndProject
Project("{FAE04EC0-301F-11D3-BF4B-00C04F79EFBC}") = "VLC_WinRT.Universal", "..\universal\VLC_WinRT.Universal\VLC_WinRT.Universal.csproj", "{7B5C5B10-85F4-491A-94FA-755D253FF609}"
EndProject
Global
	GlobalSection(SharedMSBuildProjectFiles) = preSolution
		..\universal\VLC_WinRT.Shared\VLC_WinRT.Shared.projitems*{db1dea15-00b8-4707-8c70-53431c4fa754}*SharedItemsImports = 13
		..\universal\VLC_WinRT.UI.Legacy\VLC_WinRT.UI.Legacy.projitems*{7b5c5b10-85f4-491a-94fa-755d253ff609}*SharedItemsImports = 4
		..\universal\VLC_WinRT.Shared\VLC_WinRT.Shared.projitems*{7b5c5b10-85f4-491a-94fa-755d253ff609}*SharedItemsImports = 4
		..\universal\VLC_WinRT.MusicMetaFetcher\VLC_WinRT.MusicMetaFetcher.projitems*{7b5c5b10-85f4-491a-94fa-755d253ff609}*SharedItemsImports = 4
		VLC_WinRT.SplitShell\VLC_WinRT.SplitShell.projitems*{7b5c5b10-85f4-491a-94fa-755d253ff609}*SharedItemsImports = 4
		..\universal\VLC_WinRT.Slideshow\VLC_WinRT.Slideshow.projitems*{7b5c5b10-85f4-491a-94fa-755d253ff609}*SharedItemsImports = 4
		..\universal\VLC_WinRT.UI.Legacy\VLC_WinRT.UI.Legacy.projitems*{b1a5a4dc-2c9f-4343-af3f-372944c4607d}*SharedItemsImports = 4
		..\universal\VLC_WinRT.Shared\VLC_WinRT.Shared.projitems*{b1a5a4dc-2c9f-4343-af3f-372944c4607d}*SharedItemsImports = 4
		..\universal\VLC_WinRT.MusicMetaFetcher\VLC_WinRT.MusicMetaFetcher.projitems*{b1a5a4dc-2c9f-4343-af3f-372944c4607d}*SharedItemsImports = 4
		VLC_WinRT.SplitShell\VLC_WinRT.SplitShell.projitems*{b1a5a4dc-2c9f-4343-af3f-372944c4607d}*SharedItemsImports = 4
		..\universal\VLC_WinRT.Slideshow\VLC_WinRT.Slideshow.projitems*{b1a5a4dc-2c9f-4343-af3f-372944c4607d}*SharedItemsImports = 4
		..\modules\libaccess_winrt_plugin.Shared\libaccess_winrt_plugin.Shared.vcxitems*{544ebd72-c9e2-4c3f-9038-36683f843241}*SharedItemsImports = 4
		..\wrapper\libVLCX.Shared\libVLCX.Shared.vcxitems*{22532381-be8b-40e0-a881-22ce24342d5a}*SharedItemsImports = 4
		..\wrapper\libVLCX.Shared\libVLCX.Shared.vcxitems*{5d78f68e-c377-449e-a508-5b8e706d0039}*SharedItemsImports = 4
		..\universal\VLC_WinRT.UI.Legacy\VLC_WinRT.UI.Legacy.projitems*{c8711a23-f511-4fa1-a3f5-f2578f820a5a}*SharedItemsImports = 4
		..\universal\VLC_WinRT.Shared\VLC_WinRT.Shared.projitems*{c8711a23-f511-4fa1-a3f5-f2578f820a5a}*SharedItemsImports = 4
		..\universal\VLC_WinRT.MusicMetaFetcher\VLC_WinRT.MusicMetaFetcher.projitems*{c8711a23-f511-4fa1-a3f5-f2578f820a5a}*SharedItemsImports = 4
		VLC_WinRT.SplitShell\VLC_WinRT.SplitShell.projitems*{c8711a23-f511-4fa1-a3f5-f2578f820a5a}*SharedItemsImports = 4
		..\universal\VLC_WinRT.Slideshow\VLC_WinRT.Slideshow.projitems*{c8711a23-f511-4fa1-a3f5-f2578f820a5a}*SharedItemsImports = 4
		..\universal\VLC_WinRT.MusicMetaFetcher\VLC_WinRT.MusicMetaFetcher.projitems*{c3f84118-8e3d-4b19-a300-9cb6f7ae0e87}*SharedItemsImports = 13
		..\modules\libaccess_winrt_plugin.Shared\libaccess_winrt_plugin.Shared.vcxitems*{90a8a6a5-091d-4d4e-a8cd-4ec09ddb1047}*SharedItemsImports = 9
		..\universal\VLC_WinRT.UI.Legacy\VLC_WinRT.UI.Legacy.projitems*{d499d5a2-b899-4664-94e8-65c8114582de}*SharedItemsImports = 13
		..\modules\libaccess_winrt_plugin.Shared\libaccess_winrt_plugin.Shared.vcxitems*{a3345ed6-a13a-487b-9ef3-412fed4916d1}*SharedItemsImports = 4
		..\wrapper\libVLCX.Shared\libVLCX.Shared.vcxitems*{2783fe22-06ae-457b-a8b3-626aa52290c1}*SharedItemsImports = 9
		..\universal\VLC_WinRT.Slideshow\VLC_WinRT.Slideshow.projitems*{ad0c8b4f-7a03-42cc-b8da-bf8d50df822b}*SharedItemsImports = 13
		VLC_WinRT.SplitShell\VLC_WinRT.SplitShell.projitems*{adcb4c5d-450d-40f5-b60a-9dd96ff17dd6}*SharedItemsImports = 13
	EndGlobalSection
	GlobalSection(SolutionConfigurationPlatforms) = preSolution
		Debug|WindowsPhone-ARM = Debug|WindowsPhone-ARM
		Debug|WinRT-ARM = Debug|WinRT-ARM
		Debug|WinRT-x86 = Debug|WinRT-x86
		Release|WindowsPhone-ARM = Release|WindowsPhone-ARM
		Release|WinRT-ARM = Release|WinRT-ARM
		Release|WinRT-x86 = Release|WinRT-x86
	EndGlobalSection
	GlobalSection(ProjectConfigurationPlatforms) = postSolution
		{A3345ED6-A13A-487B-9EF3-412FED4916D1}.Debug|WindowsPhone-ARM.ActiveCfg = Debug|ARM
		{A3345ED6-A13A-487B-9EF3-412FED4916D1}.Debug|WinRT-ARM.ActiveCfg = Debug|ARM
		{A3345ED6-A13A-487B-9EF3-412FED4916D1}.Debug|WinRT-ARM.Build.0 = Debug|ARM
		{A3345ED6-A13A-487B-9EF3-412FED4916D1}.Debug|WinRT-x86.ActiveCfg = Debug|Win32
		{A3345ED6-A13A-487B-9EF3-412FED4916D1}.Debug|WinRT-x86.Build.0 = Debug|Win32
		{A3345ED6-A13A-487B-9EF3-412FED4916D1}.Release|WindowsPhone-ARM.ActiveCfg = Release|ARM
		{A3345ED6-A13A-487B-9EF3-412FED4916D1}.Release|WinRT-ARM.ActiveCfg = Release|ARM
		{A3345ED6-A13A-487B-9EF3-412FED4916D1}.Release|WinRT-ARM.Build.0 = Release|ARM
		{A3345ED6-A13A-487B-9EF3-412FED4916D1}.Release|WinRT-x86.ActiveCfg = Release|Win32
		{A3345ED6-A13A-487B-9EF3-412FED4916D1}.Release|WinRT-x86.Build.0 = Release|Win32
		{22532381-BE8B-40E0-A881-22CE24342D5A}.Debug|WindowsPhone-ARM.ActiveCfg = Debug|ARM
		{22532381-BE8B-40E0-A881-22CE24342D5A}.Debug|WinRT-ARM.ActiveCfg = Debug|ARM
		{22532381-BE8B-40E0-A881-22CE24342D5A}.Debug|WinRT-ARM.Build.0 = Debug|ARM
		{22532381-BE8B-40E0-A881-22CE24342D5A}.Debug|WinRT-x86.ActiveCfg = Debug|Win32
		{22532381-BE8B-40E0-A881-22CE24342D5A}.Debug|WinRT-x86.Build.0 = Debug|Win32
		{22532381-BE8B-40E0-A881-22CE24342D5A}.Release|WindowsPhone-ARM.ActiveCfg = Release|ARM
		{22532381-BE8B-40E0-A881-22CE24342D5A}.Release|WinRT-ARM.ActiveCfg = Release|ARM
		{22532381-BE8B-40E0-A881-22CE24342D5A}.Release|WinRT-ARM.Build.0 = Release|ARM
		{22532381-BE8B-40E0-A881-22CE24342D5A}.Release|WinRT-x86.ActiveCfg = Release|Win32
		{22532381-BE8B-40E0-A881-22CE24342D5A}.Release|WinRT-x86.Build.0 = Release|Win32
		{B1A5A4DC-2C9F-4343-AF3F-372944C4607D}.Debug|WindowsPhone-ARM.ActiveCfg = Debug|ARM
		{B1A5A4DC-2C9F-4343-AF3F-372944C4607D}.Debug|WinRT-ARM.ActiveCfg = Debug|ARM
		{B1A5A4DC-2C9F-4343-AF3F-372944C4607D}.Debug|WinRT-ARM.Build.0 = Debug|ARM
		{B1A5A4DC-2C9F-4343-AF3F-372944C4607D}.Debug|WinRT-ARM.Deploy.0 = Debug|ARM
		{B1A5A4DC-2C9F-4343-AF3F-372944C4607D}.Debug|WinRT-x86.ActiveCfg = Debug|x86
		{B1A5A4DC-2C9F-4343-AF3F-372944C4607D}.Debug|WinRT-x86.Build.0 = Debug|x86
		{B1A5A4DC-2C9F-4343-AF3F-372944C4607D}.Debug|WinRT-x86.Deploy.0 = Debug|x86
		{B1A5A4DC-2C9F-4343-AF3F-372944C4607D}.Release|WindowsPhone-ARM.ActiveCfg = Release|ARM
		{B1A5A4DC-2C9F-4343-AF3F-372944C4607D}.Release|WinRT-ARM.ActiveCfg = Release|ARM
		{B1A5A4DC-2C9F-4343-AF3F-372944C4607D}.Release|WinRT-ARM.Build.0 = Release|ARM
		{B1A5A4DC-2C9F-4343-AF3F-372944C4607D}.Release|WinRT-ARM.Deploy.0 = Release|ARM
		{B1A5A4DC-2C9F-4343-AF3F-372944C4607D}.Release|WinRT-x86.ActiveCfg = Release|x86
		{B1A5A4DC-2C9F-4343-AF3F-372944C4607D}.Release|WinRT-x86.Build.0 = Release|x86
		{B1A5A4DC-2C9F-4343-AF3F-372944C4607D}.Release|WinRT-x86.Deploy.0 = Release|x86
		{C8711A23-F511-4FA1-A3F5-F2578F820A5A}.Debug|WindowsPhone-ARM.ActiveCfg = Debug|ARM
		{C8711A23-F511-4FA1-A3F5-F2578F820A5A}.Debug|WindowsPhone-ARM.Build.0 = Debug|ARM
		{C8711A23-F511-4FA1-A3F5-F2578F820A5A}.Debug|WindowsPhone-ARM.Deploy.0 = Debug|ARM
		{C8711A23-F511-4FA1-A3F5-F2578F820A5A}.Debug|WinRT-ARM.ActiveCfg = Debug|ARM
		{C8711A23-F511-4FA1-A3F5-F2578F820A5A}.Debug|WinRT-x86.ActiveCfg = Debug|x86
		{C8711A23-F511-4FA1-A3F5-F2578F820A5A}.Release|WindowsPhone-ARM.ActiveCfg = Release|ARM
		{C8711A23-F511-4FA1-A3F5-F2578F820A5A}.Release|WindowsPhone-ARM.Build.0 = Release|ARM
		{C8711A23-F511-4FA1-A3F5-F2578F820A5A}.Release|WindowsPhone-ARM.Deploy.0 = Release|ARM
		{C8711A23-F511-4FA1-A3F5-F2578F820A5A}.Release|WinRT-ARM.ActiveCfg = Release|ARM
		{C8711A23-F511-4FA1-A3F5-F2578F820A5A}.Release|WinRT-x86.ActiveCfg = Release|x86
		{5D78F68E-C377-449E-A508-5B8E706D0039}.Debug|WindowsPhone-ARM.ActiveCfg = Debug|ARM
		{5D78F68E-C377-449E-A508-5B8E706D0039}.Debug|WindowsPhone-ARM.Build.0 = Debug|ARM
		{5D78F68E-C377-449E-A508-5B8E706D0039}.Debug|WinRT-ARM.ActiveCfg = Debug|ARM
		{5D78F68E-C377-449E-A508-5B8E706D0039}.Debug|WinRT-x86.ActiveCfg = Debug|Win32
		{5D78F68E-C377-449E-A508-5B8E706D0039}.Release|WindowsPhone-ARM.ActiveCfg = Release|ARM
		{5D78F68E-C377-449E-A508-5B8E706D0039}.Release|WindowsPhone-ARM.Build.0 = Release|ARM
		{5D78F68E-C377-449E-A508-5B8E706D0039}.Release|WinRT-ARM.ActiveCfg = Release|ARM
		{5D78F68E-C377-449E-A508-5B8E706D0039}.Release|WinRT-x86.ActiveCfg = Release|Win32
		{544EBD72-C9E2-4C3F-9038-36683F843241}.Debug|WindowsPhone-ARM.ActiveCfg = Debug|ARM
		{544EBD72-C9E2-4C3F-9038-36683F843241}.Debug|WindowsPhone-ARM.Build.0 = Debug|ARM
		{544EBD72-C9E2-4C3F-9038-36683F843241}.Debug|WinRT-ARM.ActiveCfg = Debug|ARM
		{544EBD72-C9E2-4C3F-9038-36683F843241}.Debug|WinRT-x86.ActiveCfg = Debug|Win32
		{544EBD72-C9E2-4C3F-9038-36683F843241}.Release|WindowsPhone-ARM.ActiveCfg = Release|ARM
		{544EBD72-C9E2-4C3F-9038-36683F843241}.Release|WindowsPhone-ARM.Build.0 = Release|ARM
		{544EBD72-C9E2-4C3F-9038-36683F843241}.Release|WinRT-ARM.ActiveCfg = Release|ARM
		{544EBD72-C9E2-4C3F-9038-36683F843241}.Release|WinRT-x86.ActiveCfg = Release|Win32
		{6BDABA8A-B559-4007-A17F-42125D3AA7A3}.Debug|WindowsPhone-ARM.ActiveCfg = Debug|ARM
		{6BDABA8A-B559-4007-A17F-42125D3AA7A3}.Debug|WindowsPhone-ARM.Build.0 = Debug|ARM
		{6BDABA8A-B559-4007-A17F-42125D3AA7A3}.Debug|WinRT-ARM.ActiveCfg = Debug|ARM
		{6BDABA8A-B559-4007-A17F-42125D3AA7A3}.Debug|WinRT-ARM.Build.0 = Debug|ARM
		{6BDABA8A-B559-4007-A17F-42125D3AA7A3}.Debug|WinRT-x86.ActiveCfg = Debug|x86
		{6BDABA8A-B559-4007-A17F-42125D3AA7A3}.Debug|WinRT-x86.Build.0 = Debug|x86
		{6BDABA8A-B559-4007-A17F-42125D3AA7A3}.Release|WindowsPhone-ARM.ActiveCfg = Release|ARM
		{6BDABA8A-B559-4007-A17F-42125D3AA7A3}.Release|WindowsPhone-ARM.Build.0 = Release|ARM
		{6BDABA8A-B559-4007-A17F-42125D3AA7A3}.Release|WinRT-ARM.ActiveCfg = Release|ARM
		{6BDABA8A-B559-4007-A17F-42125D3AA7A3}.Release|WinRT-ARM.Build.0 = Release|ARM
		{6BDABA8A-B559-4007-A17F-42125D3AA7A3}.Release|WinRT-x86.ActiveCfg = Release|x86
		{6BDABA8A-B559-4007-A17F-42125D3AA7A3}.Release|WinRT-x86.Build.0 = Release|x86
		{B1E774A5-87A6-4D23-BEC1-AD157333F69F}.Debug|WindowsPhone-ARM.ActiveCfg = Debug|ARM
		{B1E774A5-87A6-4D23-BEC1-AD157333F69F}.Debug|WindowsPhone-ARM.Build.0 = Debug|ARM
		{B1E774A5-87A6-4D23-BEC1-AD157333F69F}.Debug|WinRT-ARM.ActiveCfg = Debug|ARM
		{B1E774A5-87A6-4D23-BEC1-AD157333F69F}.Debug|WinRT-ARM.Build.0 = Debug|ARM
		{B1E774A5-87A6-4D23-BEC1-AD157333F69F}.Debug|WinRT-x86.ActiveCfg = Debug|x86
		{B1E774A5-87A6-4D23-BEC1-AD157333F69F}.Debug|WinRT-x86.Build.0 = Debug|x86
		{B1E774A5-87A6-4D23-BEC1-AD157333F69F}.Release|WindowsPhone-ARM.ActiveCfg = Release|Any CPU
		{B1E774A5-87A6-4D23-BEC1-AD157333F69F}.Release|WindowsPhone-ARM.Build.0 = Release|Any CPU
		{B1E774A5-87A6-4D23-BEC1-AD157333F69F}.Release|WinRT-ARM.ActiveCfg = Release|ARM
		{B1E774A5-87A6-4D23-BEC1-AD157333F69F}.Release|WinRT-ARM.Build.0 = Release|ARM
		{B1E774A5-87A6-4D23-BEC1-AD157333F69F}.Release|WinRT-x86.ActiveCfg = Release|Any CPU
		{B1E774A5-87A6-4D23-BEC1-AD157333F69F}.Release|WinRT-x86.Build.0 = Release|Any CPU
		{7B5C5B10-85F4-491A-94FA-755D253FF609}.Debug|WindowsPhone-ARM.ActiveCfg = Debug|ARM
		{7B5C5B10-85F4-491A-94FA-755D253FF609}.Debug|WinRT-ARM.ActiveCfg = Debug|ARM
		{7B5C5B10-85F4-491A-94FA-755D253FF609}.Debug|WinRT-x86.ActiveCfg = Debug|x86
		{7B5C5B10-85F4-491A-94FA-755D253FF609}.Release|WindowsPhone-ARM.ActiveCfg = Release|ARM
		{7B5C5B10-85F4-491A-94FA-755D253FF609}.Release|WinRT-ARM.ActiveCfg = Release|ARM
		{7B5C5B10-85F4-491A-94FA-755D253FF609}.Release|WinRT-x86.ActiveCfg = Release|x86
	EndGlobalSection
	GlobalSection(SolutionProperties) = preSolution
		HideSolutionNode = FALSE
	EndGlobalSection
	GlobalSection(NestedProjects) = preSolution
		{A3345ED6-A13A-487B-9EF3-412FED4916D1} = {3E3BE90F-16D8-4D61-BA9D-E760D34492B5}
		{22532381-BE8B-40E0-A881-22CE24342D5A} = {8B17BE9D-3E88-497F-8BA3-BA2E6905069E}
		{DB1DEA15-00B8-4707-8C70-53431C4FA754} = {492C16E2-63FB-49B4-843A-095DB095F15D}
		{B1A5A4DC-2C9F-4343-AF3F-372944C4607D} = {492C16E2-63FB-49B4-843A-095DB095F15D}
		{C8711A23-F511-4FA1-A3F5-F2578F820A5A} = {492C16E2-63FB-49B4-843A-095DB095F15D}
		{2783FE22-06AE-457B-A8B3-626AA52290C1} = {8B17BE9D-3E88-497F-8BA3-BA2E6905069E}
		{5D78F68E-C377-449E-A508-5B8E706D0039} = {8B17BE9D-3E88-497F-8BA3-BA2E6905069E}
		{90A8A6A5-091D-4D4E-A8CD-4EC09DDB1047} = {3E3BE90F-16D8-4D61-BA9D-E760D34492B5}
		{544EBD72-C9E2-4C3F-9038-36683F843241} = {3E3BE90F-16D8-4D61-BA9D-E760D34492B5}
		{6BDABA8A-B559-4007-A17F-42125D3AA7A3} = {492C16E2-63FB-49B4-843A-095DB095F15D}
		{C3F84118-8E3D-4B19-A300-9CB6F7AE0E87} = {492C16E2-63FB-49B4-843A-095DB095F15D}
		{ADCB4C5D-450D-40F5-B60A-9DD96FF17DD6} = {492C16E2-63FB-49B4-843A-095DB095F15D}
		{D499D5A2-B899-4664-94E8-65C8114582DE} = {492C16E2-63FB-49B4-843A-095DB095F15D}
		{B1E774A5-87A6-4D23-BEC1-AD157333F69F} = {492C16E2-63FB-49B4-843A-095DB095F15D}
		{AD0C8B4F-7A03-42CC-B8DA-BF8D50DF822B} = {492C16E2-63FB-49B4-843A-095DB095F15D}
		{7B5C5B10-85F4-491A-94FA-755D253FF609} = {492C16E2-63FB-49B4-843A-095DB095F15D}
	EndGlobalSection
EndGlobal
