<?xml version="1.0" encoding="utf-8"?>
<Project ToolsVersion="14.0" xmlns="http://schemas.microsoft.com/developer/msbuild/2003">
  <ItemGroup>
    <Filter Include="Resources">
      <UniqueIdentifier>4d673108-a06d-490f-9565-7faba5bf678f</UniqueIdentifier>
      <Extensions>rc;ico;cur;bmp;dlg;rc2;rct;bin;rgs;gif;jpg;jpeg;jpe;resx;tga;tiff;tif;png;wav;mfcribbon-ms</Extensions>
    </Filter>
    <Filter Include="libvlcpp">
      <UniqueIdentifier>{e8e74e09-b896-4519-9fb9-1c29a35b1810}</UniqueIdentifier>
    </Filter>
    <Filter Include="libvlcpp\cppcx">
      <UniqueIdentifier>{765e3acc-7024-47b8-b1de-ee8ca1e9e420}</UniqueIdentifier>
    </Filter>
  </ItemGroup>
  <ItemGroup>
    <ClCompile Include="pch.cpp" />
    <ClCompile Include="..\libvlcpp\cppcx\DialogCX.cpp">
      <Filter>libvlcpp\cppcx</Filter>
    </ClCompile>
    <ClCompile Include="..\libvlcpp\cppcx\EqualizerCX.cpp">
      <Filter>libvlcpp\cppcx</Filter>
    </ClCompile>
    <ClCompile Include="..\libvlcpp\cppcx\EventManagerCX.cpp">
      <Filter>libvlcpp\cppcx</Filter>
    </ClCompile>
    <ClCompile Include="..\libvlcpp\cppcx\InstanceCX.cpp">
      <Filter>libvlcpp\cppcx</Filter>
    </ClCompile>
    <ClCompile Include="..\libvlcpp\cppcx\MediaCX.cpp">
      <Filter>libvlcpp\cppcx</Filter>
    </ClCompile>
    <ClCompile Include="..\libvlcpp\cppcx\MediaDiscovererCX.cpp">
      <Filter>libvlcpp\cppcx</Filter>
    </ClCompile>
    <ClCompile Include="..\libvlcpp\cppcx\MediaListCX.cpp">
      <Filter>libvlcpp\cppcx</Filter>
    </ClCompile>
    <ClCompile Include="..\libvlcpp\cppcx\MediaPlayerCX.cpp">
      <Filter>libvlcpp\cppcx</Filter>
    </ClCompile>
    <ClCompile Include="..\libvlcpp\cppcx\PlatformHelpers.cpp">
      <Filter>libvlcpp\cppcx</Filter>
    </ClCompile>
    <ClCompile Include="..\libvlcpp\cppcx\StructuresCX.cpp">
      <Filter>libvlcpp\cppcx</Filter>
    </ClCompile>
    <ClCompile Include="..\libVLCX\DirectXManager.cpp" />
    <ClCompile Include="..\libVLCX\MMDeviceLocator.cpp" />
    <ClCompile Include="..\libVLCX\Thumbnailer.cpp" />
  </ItemGroup>
  <ItemGroup>
    <ClInclude Include="pch.h" />
    <ClInclude Include="..\libvlcpp\vlcpp\vlc.hpp">
      <Filter>libvlcpp</Filter>
    </ClInclude>
    <ClInclude Include="..\libvlcpp\vlcpp\common.hpp">
      <Filter>libvlcpp</Filter>
    </ClInclude>
    <ClInclude Include="..\libvlcpp\vlcpp\Dialog.hpp">
      <Filter>libvlcpp</Filter>
    </ClInclude>
    <ClInclude Include="..\libvlcpp\vlcpp\Equalizer.hpp">
      <Filter>libvlcpp</Filter>
    </ClInclude>
    <ClInclude Include="..\libvlcpp\vlcpp\EventManager.hpp">
      <Filter>libvlcpp</Filter>
    </ClInclude>
    <ClInclude Include="..\libvlcpp\vlcpp\Instance.hpp">
      <Filter>libvlcpp</Filter>
    </ClInclude>
    <ClInclude Include="..\libvlcpp\vlcpp\Internal.hpp">
      <Filter>libvlcpp</Filter>
    </ClInclude>
    <ClInclude Include="..\libvlcpp\vlcpp\Media.hpp">
      <Filter>libvlcpp</Filter>
    </ClInclude>
    <ClInclude Include="..\libvlcpp\vlcpp\MediaDiscoverer.hpp">
      <Filter>libvlcpp</Filter>
    </ClInclude>
    <ClInclude Include="..\libvlcpp\vlcpp\MediaLibrary.hpp">
      <Filter>libvlcpp</Filter>
    </ClInclude>
    <ClInclude Include="..\libvlcpp\vlcpp\MediaList.hpp">
      <Filter>libvlcpp</Filter>
    </ClInclude>
    <ClInclude Include="..\libvlcpp\vlcpp\MediaListPlayer.hpp">
      <Filter>libvlcpp</Filter>
    </ClInclude>
    <ClInclude Include="..\libvlcpp\vlcpp\MediaPlayer.hpp">
      <Filter>libvlcpp</Filter>
    </ClInclude>
    <ClInclude Include="..\libvlcpp\vlcpp\structures.hpp">
      <Filter>libvlcpp</Filter>
    </ClInclude>
    <ClInclude Include="..\libvlcpp\cppcx\DialogCX.hpp">
      <Filter>libvlcpp\cppcx</Filter>
    </ClInclude>
    <ClInclude Include="..\libvlcpp\cppcx\EqualizerCX.hpp">
      <Filter>libvlcpp\cppcx</Filter>
    </ClInclude>
    <ClInclude Include="..\libvlcpp\cppcx\EventManagerCX.hpp">
      <Filter>libvlcpp\cppcx</Filter>
    </ClInclude>
    <ClInclude Include="..\libvlcpp\cppcx\InstanceCX.hpp">
      <Filter>libvlcpp\cppcx</Filter>
    </ClInclude>
    <ClInclude Include="..\libvlcpp\cppcx\MediaCX.hpp">
      <Filter>libvlcpp\cppcx</Filter>
    </ClInclude>
    <ClInclude Include="..\libvlcpp\cppcx\MediaDiscovererCX.hpp">
      <Filter>libvlcpp\cppcx</Filter>
    </ClInclude>
    <ClInclude Include="..\libvlcpp\cppcx\MediaListCX.hpp">
      <Filter>libvlcpp\cppcx</Filter>
    </ClInclude>
    <ClInclude Include="..\libvlcpp\cppcx\MediaPlayerCX.hpp">
      <Filter>libvlcpp\cppcx</Filter>
    </ClInclude>
    <ClInclude Include="..\libvlcpp\cppcx\PlatformHelpers.hpp">
      <Filter>libvlcpp\cppcx</Filter>
    </ClInclude>
    <ClInclude Include="..\libvlcpp\cppcx\StructuresCX.hpp">
      <Filter>libvlcpp\cppcx</Filter>
    </ClInclude>
    <ClInclude Include="..\libVLCX\DirectXManager.h" />
    <ClInclude Include="..\libVLCX\MMDeviceLocator.h" />
    <ClInclude Include="..\libVLCX\Thumbnailer.h" />
  </ItemGroup>
</Project>